// !$*UTF8*$!
{
	archiveVersion = 1;
	classes = {
	};
	objectVersion = 46;
	objects = {

/* Begin PBXBuildFile section */
		00DB08DC1E1D1DCA00BA6C8A /* AppDelegate.swift in Sources */ = {isa = PBXBuildFile; fileRef = 00DB08DB1E1D1DCA00BA6C8A /* AppDelegate.swift */; };
		00DB08DE1E1D1DCB00BA6C8A /* ViewController.swift in Sources */ = {isa = PBXBuildFile; fileRef = 00DB08DD1E1D1DCB00BA6C8A /* ViewController.swift */; };
		00DB08E11E1D1DCB00BA6C8A /* Main.storyboard in Resources */ = {isa = PBXBuildFile; fileRef = 00DB08DF1E1D1DCB00BA6C8A /* Main.storyboard */; };
		00DB08E31E1D1DCB00BA6C8A /* Assets.xcassets in Resources */ = {isa = PBXBuildFile; fileRef = 00DB08E21E1D1DCB00BA6C8A /* Assets.xcassets */; };
		00DB08E61E1D1DCB00BA6C8A /* LaunchScreen.storyboard in Resources */ = {isa = PBXBuildFile; fileRef = 00DB08E41E1D1DCB00BA6C8A /* LaunchScreen.storyboard */; };
/* End PBXBuildFile section */

/* Begin PBXFileReference section */
		00DB08D81E1D1DCA00BA6C8A /* App-4.app */ = {isa = PBXFileReference; explicitFileType = wrapper.application; includeInIndex = 0; path = "App-4.app"; sourceTree = BUILT_PRODUCTS_DIR; };
		00DB08DB1E1D1DCA00BA6C8A /* AppDelegate.swift */ = {isa = PBXFileReference; lastKnownFileType = sourcecode.swift; path = AppDelegate.swift; sourceTree = "<group>"; };
		00DB08DD1E1D1DCB00BA6C8A /* ViewController.swift */ = {isa = PBXFileReference; lastKnownFileType = sourcecode.swift; path = ViewController.swift; sourceTree = "<group>"; };
		00DB08E01E1D1DCB00BA6C8A /* Base */ = {isa = PBXFileReference; lastKnownFileType = file.storyboard; name = Base; path = Base.lproj/Main.storyboard; sourceTree = "<group>"; };
		00DB08E21E1D1DCB00BA6C8A /* Assets.xcassets */ = {isa = PBXFileReference; lastKnownFileType = folder.assetcatalog; path = Assets.xcassets; sourceTree = "<group>"; };
		00DB08E51E1D1DCB00BA6C8A /* Base */ = {isa = PBXFileReference; lastKnownFileType = file.storyboard; name = Base; path = Base.lproj/LaunchScreen.storyboard; sourceTree = "<group>"; };
		00DB08E71E1D1DCB00BA6C8A /* Info.plist */ = {isa = PBXFileReference; lastKnownFileType = text.plist.xml; path = Info.plist; sourceTree = "<group>"; };
/* End PBXFileReference section */

/* Begin PBXFrameworksBuildPhase section */
		00DB08D51E1D1DCA00BA6C8A /* Frameworks */ = {
			isa = PBXFrameworksBuildPhase;
			buildActionMask = 2147483647;
			files = (
			);
			runOnlyForDeploymentPostprocessing = 0;
		};
/* End PBXFrameworksBuildPhase section */

/* Begin PBXGroup section */
		00DB08CF1E1D1DCA00BA6C8A = {
			isa = PBXGroup;
			children = (
				00DB08DA1E1D1DCA00BA6C8A /* App-4 */,
				00DB08D91E1D1DCA00BA6C8A /* Products */,
			);
			sourceTree = "<group>";
		};
		00DB08D91E1D1DCA00BA6C8A /* Products */ = {
			isa = PBXGroup;
			children = (
				00DB08D81E1D1DCA00BA6C8A /* App-4.app */,
			);
			name = Products;
			sourceTree = "<group>";
		};
		00DB08DA1E1D1DCA00BA6C8A /* App-4 */ = {
			isa = PBXGroup;
			children = (
				00DB08DB1E1D1DCA00BA6C8A /* AppDelegate.swift */,
				00DB08DD1E1D1DCB00BA6C8A /* ViewController.swift */,
				00DB08DF1E1D1DCB00BA6C8A /* Main.storyboard */,
				00DB08E21E1D1DCB00BA6C8A /* Assets.xcassets */,
				00DB08E41E1D1DCB00BA6C8A /* LaunchScreen.storyboard */,
				00DB08E71E1D1DCB00BA6C8A /* Info.plist */,
			);
			path = "App-4";
			sourceTree = "<group>";
		};
/* End PBXGroup section */

/* Begin PBXNativeTarget section */
		00DB08D71E1D1DCA00BA6C8A /* App-4 */ = {
			isa = PBXNativeTarget;
			buildConfigurationList = 00DB08EA1E1D1DCB00BA6C8A /* Build configuration list for PBXNativeTarget "App-4" */;
			buildPhases = (
				00DB08D41E1D1DCA00BA6C8A /* Sources */,
				00DB08D51E1D1DCA00BA6C8A /* Frameworks */,
				00DB08D61E1D1DCA00BA6C8A /* Resources */,
			);
			buildRules = (
			);
			dependencies = (
			);
			name = "App-4";
			productName = "App-4";
			productReference = 00DB08D81E1D1DCA00BA6C8A /* App-4.app */;
			productType = "com.apple.product-type.application";
		};
/* End PBXNativeTarget section */

/* Begin PBXProject section */
		00DB08D01E1D1DCA00BA6C8A /* Project object */ = {
			isa = PBXProject;
			attributes = {
				LastSwiftUpdateCheck = 0820;
				LastUpgradeCheck = 0820;
				ORGANIZATIONNAME = "Frankie Bell";
				TargetAttributes = {
					00DB08D71E1D1DCA00BA6C8A = {
						CreatedOnToolsVersion = 8.2.1;
						ProvisioningStyle = Automatic;
					};
				};
			};
			buildConfigurationList = 00DB08D31E1D1DCA00BA6C8A /* Build configuration list for PBXProject "App-4" */;
			compatibilityVersion = "Xcode 3.2";
			developmentRegion = English;
			hasScannedForEncodings = 0;
			knownRegions = (
				en,
				Base,
			);
			mainGroup = 00DB08CF1E1D1DCA00BA6C8A;
			productRefGroup = 00DB08D91E1D1DCA00BA6C8A /* Products */;
			projectDirPath = "";
			projectRoot = "";
			targets = (
				00DB08D71E1D1DCA00BA6C8A /* App-4 */,
			);
		};
/* End PBXProject section */

/* Begin PBXResourcesBuildPhase section */
		00DB08D61E1D1DCA00BA6C8A /* Resources */ = {
			isa = PBXResourcesBuildPhase;
			buildActionMask = 2147483647;
			files = (
				00DB08E61E1D1DCB00BA6C8A /* LaunchScreen.storyboard in Resources */,
				00DB08E31E1D1DCB00BA6C8A /* Assets.xcassets in Resources */,
				00DB08E11E1D1DCB00BA6C8A /* Main.storyboard in Resources */,
			);
			runOnlyForDeploymentPostprocessing = 0;
		};
/* End PBXResourcesBuildPhase section */

/* Begin PBXSourcesBuildPhase section */
		00DB08D41E1D1DCA00BA6C8A /* Sources */ = {
			isa = PBXSourcesBuildPhase;
			buildActionMask = 2147483647;
			files = (
				00DB08DE1E1D1DCB00BA6C8A /* ViewController.swift in Sources */,
				00DB08DC1E1D1DCA00BA6C8A /* AppDelegate.swift in Sources */,
			);
			runOnlyForDeploymentPostprocessing = 0;
		};
/* End PBXSourcesBuildPhase section */

/* Begin PBXVariantGroup section */
		00DB08DF1E1D1DCB00BA6C8A /* Main.storyboard */ = {
			isa = PBXVariantGroup;
			children = (
				00DB08E01E1D1DCB00BA6C8A /* Base */,
			);
			name = Main.storyboard;
			sourceTree = "<group>";
		};
		00DB08E41E1D1DCB00BA6C8A /* LaunchScreen.storyboard */ = {
			isa = PBXVariantGroup;
			children = (
				00DB08E51E1D1DCB00BA6C8A /* Base */,
			);
			name = LaunchScreen.storyboard;
			sourceTree = "<group>";
		};
/* End PBXVariantGroup section */

/* Begin XCBuildConfiguration section */
		00DB08E81E1D1DCB00BA6C8A /* Debug */ = {
			isa = XCBuildConfiguration;
			buildSettings = {
				ALWAYS_SEARCH_USER_PATHS = NO;
				CLANG_ANALYZER_NONNULL = YES;
				CLANG_CXX_LANGUAGE_STANDARD = "gnu++0x";
				CLANG_CXX_LIBRARY = "libc++";
				CLANG_ENABLE_MODULES = YES;
				CLANG_ENABLE_OBJC_ARC = YES;
				CLANG_WARN_BOOL_CONVERSION = YES;
				CLANG_WARN_CONSTANT_CONVERSION = YES;
				CLANG_WARN_DIRECT_OBJC_ISA_USAGE = YES_ERROR;
				CLANG_WARN_DOCUMENTATION_COMMENTS = YES;
				CLANG_WARN_EMPTY_BODY = YES;
				CLANG_WARN_ENUM_CONVERSION = YES;
				CLANG_WARN_INFINITE_RECURSION = YES;
				CLANG_WARN_INT_CONVERSION = YES;
				CLANG_WARN_OBJC_ROOT_CLASS = YES_ERROR;
				CLANG_WARN_SUSPICIOUS_MOVE = YES;
				CLANG_WARN_UNREACHABLE_CODE = YES;
				CLANG_WARN__DUPLICATE_METHOD_MATCH = YES;
				"CODE_SIGN_IDENTITY[sdk=iphoneos*]" = "iPhone Developer";
				COPY_PHASE_STRIP = NO;
				DEBUG_INFORMATION_FORMAT = dwarf;
				ENABLE_STRICT_OBJC_MSGSEND = YES;
				ENABLE_TESTABILITY = YES;
				GCC_C_LANGUAGE_STANDARD = gnu99;
				GCC_DYNAMIC_NO_PIC = NO;
				GCC_NO_COMMON_BLOCKS = YES;
				GCC_OPTIMIZATION_LEVEL = 0;
				GCC_PREPROCESSOR_DEFINITIONS = (
					"DEBUG=1",
					"$(inherited)",
				);
				GCC_WARN_64_TO_32_BIT_CONVERSION = YES;
				GCC_WARN_ABOUT_RETURN_TYPE = YES_ERROR;
				GCC_WARN_UNDECLARED_SELECTOR = YES;
				GCC_WARN_UNINITIALIZED_AUTOS = YES_AGGRESSIVE;
				GCC_WARN_UNUSED_FUNCTION = YES;
				GCC_WARN_UNUSED_VARIABLE = YES;
				IPHONEOS_DEPLOYMENT_TARGET = 10.2;
				MTL_ENABLE_DEBUG_INFO = YES;
				ONLY_ACTIVE_ARCH = YES;
				SDKROOT = iphoneos;
				SWIFT_ACTIVE_COMPILATION_CONDITIONS = DEBUG;
				SWIFT_OPTIMIZATION_LEVEL = "-Onone";
			};
			name = Debug;
		};
		00DB08E91E1D1DCB00BA6C8A /* Release */ = {
			isa = XCBuildConfiguration;
			buildSettings = {
				ALWAYS_SEARCH_USER_PATHS = NO;
				CLANG_ANALYZER_NONNULL = YES;
				CLANG_CXX_LANGUAGE_STANDARD = "gnu++0x";
				CLANG_CXX_LIBRARY = "libc++";
				CLANG_ENABLE_MODULES = YES;
				CLANG_ENABLE_OBJC_ARC = YES;
				CLANG_WARN_BOOL_CONVERSION = YES;
				CLANG_WARN_CONSTANT_CONVERSION = YES;
				CLANG_WARN_DIRECT_OBJC_ISA_USAGE = YES_ERROR;
				CLANG_WARN_DOCUMENTATION_COMMENTS = YES;
				CLANG_WARN_EMPTY_BODY = YES;
				CLANG_WARN_ENUM_CONVERSION = YES;
				CLANG_WARN_INFINITE_RECURSION = YES;
				CLANG_WARN_INT_CONVERSION = YES;
				CLANG_WARN_OBJC_ROOT_CLASS = YES_ERROR;
				CLANG_WARN_SUSPICIOUS_MOVE = YES;
				CLANG_WARN_UNREACHABLE_CODE = YES;
				CLANG_WARN__DUPLICATE_METHOD_MATCH = YES;
				"CODE_SIGN_IDENTITY[sdk=iphoneos*]" = "iPhone Developer";
				COPY_PHASE_STRIP = NO;
				DEBUG_INFORMATION_FORMAT = "dwarf-with-dsym";
				ENABLE_NS_ASSERTIONS = NO;
				ENABLE_STRICT_OBJC_MSGSEND = YES;
				GCC_C_LANGUAGE_STANDARD = gnu99;
				GCC_NO_COMMON_BLOCKS = YES;
				GCC_WARN_64_TO_32_BIT_CONVERSION = YES;
				GCC_WARN_ABOUT_RETURN_TYPE = YES_ERROR;
				GCC_WARN_UNDECLARED_SELECTOR = YES;
				GCC_WARN_UNINITIALIZED_AUTOS = YES_AGGRESSIVE;
				GCC_WARN_UNUSED_FUNCTION = YES;
				GCC_WARN_UNUSED_VARIABLE = YES;
				IPHONEOS_DEPLOYMENT_TARGET = 10.2;
				MTL_ENABLE_DEBUG_INFO = NO;
				SDKROOT = iphoneos;
				SWIFT_OPTIMIZATION_LEVEL = "-Owholemodule";
				VALIDATE_PRODUCT = YES;
			};
			name = Release;
		};
		00DB08EB1E1D1DCB00BA6C8A /* Debug */ = {
			isa = XCBuildConfiguration;
			buildSettings = {
				ASSETCATALOG_COMPILER_APPICON_NAME = AppIcon;
				INFOPLIST_FILE = "App-4/Info.plist";
				LD_RUNPATH_SEARCH_PATHS = "$(inherited) @executable_path/Frameworks";
				PRODUCT_BUNDLE_IDENTIFIER = "com.App-4";
				PRODUCT_NAME = "$(TARGET_NAME)";
				SWIFT_VERSION = 3.0;
			};
			name = Debug;
		};
		00DB08EC1E1D1DCB00BA6C8A /* Release */ = {
			isa = XCBuildConfiguration;
			buildSettings = {
				ASSETCATALOG_COMPILER_APPICON_NAME = AppIcon;
				INFOPLIST_FILE = "App-4/Info.plist";
				LD_RUNPATH_SEARCH_PATHS = "$(inherited) @executable_path/Frameworks";
				PRODUCT_BUNDLE_IDENTIFIER = "com.App-4";
				PRODUCT_NAME = "$(TARGET_NAME)";
				SWIFT_VERSION = 3.0;
			};
			name = Release;
		};
/* End XCBuildConfiguration section */

/* Begin XCConfigurationList section */
		00DB08D31E1D1DCA00BA6C8A /* Build configuration list for PBXProject "App-4" */ = {
			isa = XCConfigurationList;
			buildConfigurations = (
				00DB08E81E1D1DCB00BA6C8A /* Debug */,
				00DB08E91E1D1DCB00BA6C8A /* Release */,
			);
			defaultConfigurationIsVisible = 0;
			defaultConfigurationName = Release;
		};
		00DB08EA1E1D1DCB00BA6C8A /* Build configuration list for PBXNativeTarget "App-4" */ = {
			isa = XCConfigurationList;
			buildConfigurations = (
				00DB08EB1E1D1DCB00BA6C8A /* Debug */,
				00DB08EC1E1D1DCB00BA6C8A /* Release */,
			);
			defaultConfigurationIsVisible = 0;
		};
/* End XCConfigurationList section */
	};
	rootObject = 00DB08D01E1D1DCA00BA6C8A /* Project object */;
}
